
Microsoft Visual Studio Solution File, Format Version 12.00
# Visual Studio 2015
Project("{FAE04EC0-301F-11D3-BF4B-00C04F79EFBC}") = "EmotionalExpressionUnity.CSharp", "EmotionalExpressionUnity.CSharp.csproj", "{DA7A3C2B-D688-2EFC-9FA6-8772B51FB3D0}"
EndProject
Global
	GlobalSection(SolutionConfigurationPlatforms) = preSolution
		Debug|Any CPU = Debug|Any CPU
		Release|Any CPU = Release|Any CPU
	EndGlobalSection
	GlobalSection(ProjectConfigurationPlatforms) = postSolution
		{DA7A3C2B-D688-2EFC-9FA6-8772B51FB3D0}.Debug|Any CPU.ActiveCfg = Debug|Any CPU
		{DA7A3C2B-D688-2EFC-9FA6-8772B51FB3D0}.Debug|Any CPU.Build.0 = Debug|Any CPU
		{DA7A3C2B-D688-2EFC-9FA6-8772B51FB3D0}.Release|Any CPU.ActiveCfg = Release|Any CPU
		{DA7A3C2B-D688-2EFC-9FA6-8772B51FB3D0}.Release|Any CPU.Build.0 = Release|Any CPU
	EndGlobalSection
	GlobalSection(SolutionProperties) = preSolution
		HideSolutionNode = FALSE
	EndGlobalSection
EndGlobal
