
Microsoft Visual Studio Solution File, Format Version 12.00
# Visual Studio 2015
Project("{FAE04EC0-301F-11D3-BF4B-00C04F79EFBC}") = "hologram-scene.CSharp", "hologram-scene.CSharp.csproj", "{856612FB-64DB-457A-6CC3-208585A4FD86}"
EndProject
Project("{FAE04EC0-301F-11D3-BF4B-00C04F79EFBC}") = "hologram-scene.CSharp.Editor", "hologram-scene.CSharp.Editor.csproj", "{7CD657AB-5F16-1D89-F997-6CE7DBA01394}"
EndProject
Global
	GlobalSection(SolutionConfigurationPlatforms) = preSolution
		Debug|Any CPU = Debug|Any CPU
		Release|Any CPU = Release|Any CPU
	EndGlobalSection
	GlobalSection(ProjectConfigurationPlatforms) = postSolution
		{856612FB-64DB-457A-6CC3-208585A4FD86}.Debug|Any CPU.ActiveCfg = Debug|Any CPU
		{856612FB-64DB-457A-6CC3-208585A4FD86}.Debug|Any CPU.Build.0 = Debug|Any CPU
		{856612FB-64DB-457A-6CC3-208585A4FD86}.Release|Any CPU.ActiveCfg = Release|Any CPU
		{856612FB-64DB-457A-6CC3-208585A4FD86}.Release|Any CPU.Build.0 = Release|Any CPU
		{7CD657AB-5F16-1D89-F997-6CE7DBA01394}.Debug|Any CPU.ActiveCfg = Debug|Any CPU
		{7CD657AB-5F16-1D89-F997-6CE7DBA01394}.Debug|Any CPU.Build.0 = Debug|Any CPU
		{7CD657AB-5F16-1D89-F997-6CE7DBA01394}.Release|Any CPU.ActiveCfg = Release|Any CPU
		{7CD657AB-5F16-1D89-F997-6CE7DBA01394}.Release|Any CPU.Build.0 = Release|Any CPU
	EndGlobalSection
	GlobalSection(SolutionProperties) = preSolution
		HideSolutionNode = FALSE
	EndGlobalSection
EndGlobal
