
Microsoft Visual Studio Solution File, Format Version 12.00
# Visual Studio 2015
Project("{FAE04EC0-301F-11D3-BF4B-00C04F79EFBC}") = "hologram_test.CSharp", "hologram_test.CSharp.csproj", "{5E284172-9223-37B3-E65F-CA2317107C99}"
EndProject
Project("{FAE04EC0-301F-11D3-BF4B-00C04F79EFBC}") = "hologram_test.CSharp.Editor", "hologram_test.CSharp.Editor.csproj", "{A6C8366B-D41D-FE07-3A52-9856349F1535}"
EndProject
Global
	GlobalSection(SolutionConfigurationPlatforms) = preSolution
		Debug|Any CPU = Debug|Any CPU
		Release|Any CPU = Release|Any CPU
	EndGlobalSection
	GlobalSection(ProjectConfigurationPlatforms) = postSolution
		{5E284172-9223-37B3-E65F-CA2317107C99}.Debug|Any CPU.ActiveCfg = Debug|Any CPU
		{5E284172-9223-37B3-E65F-CA2317107C99}.Debug|Any CPU.Build.0 = Debug|Any CPU
		{5E284172-9223-37B3-E65F-CA2317107C99}.Release|Any CPU.ActiveCfg = Release|Any CPU
		{5E284172-9223-37B3-E65F-CA2317107C99}.Release|Any CPU.Build.0 = Release|Any CPU
		{A6C8366B-D41D-FE07-3A52-9856349F1535}.Debug|Any CPU.ActiveCfg = Debug|Any CPU
		{A6C8366B-D41D-FE07-3A52-9856349F1535}.Debug|Any CPU.Build.0 = Debug|Any CPU
		{A6C8366B-D41D-FE07-3A52-9856349F1535}.Release|Any CPU.ActiveCfg = Release|Any CPU
		{A6C8366B-D41D-FE07-3A52-9856349F1535}.Release|Any CPU.Build.0 = Release|Any CPU
	EndGlobalSection
	GlobalSection(SolutionProperties) = preSolution
		HideSolutionNode = FALSE
	EndGlobalSection
EndGlobal
